
Microsoft Visual Studio Solution File, Format Version 12.00
# Visual Studio Version 17
VisualStudioVersion = 17.7.34221.43
MinimumVisualStudioVersion = 10.0.40219.1
Project("{FAE04EC0-301F-11D3-BF4B-00C04F79EFBC}") = "uk.co.nfocus.EcommerceBDDProject", "uk.co.nfocus.EcommerceBDDProject\uk.co.nfocus.EcommerceBDDProject.csproj", "{616EDA79-4A31-43F6-8E70-6EB20EDBE190}"
EndProject
Global
	GlobalSection(SolutionConfigurationPlatforms) = preSolution
		Debug|Any CPU = Debug|Any CPU
		Release|Any CPU = Release|Any CPU
	EndGlobalSection
	GlobalSection(ProjectConfigurationPlatforms) = postSolution
		{616EDA79-4A31-43F6-8E70-6EB20EDBE190}.Debug|Any CPU.ActiveCfg = Debug|Any CPU
		{616EDA79-4A31-43F6-8E70-6EB20EDBE190}.Debug|Any CPU.Build.0 = Debug|Any CPU
		{616EDA79-4A31-43F6-8E70-6EB20EDBE190}.Release|Any CPU.ActiveCfg = Release|Any CPU
		{616EDA79-4A31-43F6-8E70-6EB20EDBE190}.Release|Any CPU.Build.0 = Release|Any CPU
	EndGlobalSection
	GlobalSection(SolutionProperties) = preSolution
		HideSolutionNode = FALSE
	EndGlobalSection
	GlobalSection(ExtensibilityGlobals) = postSolution
		SolutionGuid = {F146E877-F6AA-43CE-B439-E78B1FB52E15}
	EndGlobalSection
EndGlobal
